
Microsoft Visual Studio Solution File, Format Version 12.00
# Visual Studio Version 17
VisualStudioVersion = 17.0.32014.148
MinimumVisualStudioVersion = 10.0.40219.1
Project("{FAE04EC0-301F-11D3-BF4B-00C04F79EFBC}") = "ProcessingOfExperimentalData", "ProcessingOfExperimentalData.csproj", "{9B2761DF-019E-46FF-B3F7-F717DD179697}"
EndProject
Project("{FAE04EC0-301F-11D3-BF4B-00C04F79EFBC}") = "Models", "Models\Models.csproj", "{271D254C-AE48-4294-9D48-E55D73261F4B}"
EndProject
Project("{FAE04EC0-301F-11D3-BF4B-00C04F79EFBC}") = "Services", "Services\Services.csproj", "{D3E47EF7-A9C8-47A9-97E8-247F060CD60D}"
EndProject
Project("{FAE04EC0-301F-11D3-BF4B-00C04F79EFBC}") = "QueryCQRS", "QueryCQRS\QueryCQRS.csproj", "{381A6392-270A-49BA-984B-9C35D1C15A17}"
EndProject
Project("{FAE04EC0-301F-11D3-BF4B-00C04F79EFBC}") = "ViewModels", "ViewModels\ViewModels.csproj", "{B9CE72AB-22C8-4296-9CD2-3436C520DDA1}"
EndProject
Global
	GlobalSection(SolutionConfigurationPlatforms) = preSolution
		Debug|Any CPU = Debug|Any CPU
		Debug|ARM = Debug|ARM
		Debug|ARM64 = Debug|ARM64
		Debug|x64 = Debug|x64
		Debug|x86 = Debug|x86
		Release|Any CPU = Release|Any CPU
		Release|ARM = Release|ARM
		Release|ARM64 = Release|ARM64
		Release|x64 = Release|x64
		Release|x86 = Release|x86
	EndGlobalSection
	GlobalSection(ProjectConfigurationPlatforms) = postSolution
		{9B2761DF-019E-46FF-B3F7-F717DD179697}.Debug|Any CPU.ActiveCfg = Debug|x64
		{9B2761DF-019E-46FF-B3F7-F717DD179697}.Debug|Any CPU.Build.0 = Debug|x64
		{9B2761DF-019E-46FF-B3F7-F717DD179697}.Debug|Any CPU.Deploy.0 = Debug|x64
		{9B2761DF-019E-46FF-B3F7-F717DD179697}.Debug|ARM.ActiveCfg = Debug|ARM
		{9B2761DF-019E-46FF-B3F7-F717DD179697}.Debug|ARM.Build.0 = Debug|ARM
		{9B2761DF-019E-46FF-B3F7-F717DD179697}.Debug|ARM.Deploy.0 = Debug|ARM
		{9B2761DF-019E-46FF-B3F7-F717DD179697}.Debug|ARM64.ActiveCfg = Debug|ARM64
		{9B2761DF-019E-46FF-B3F7-F717DD179697}.Debug|ARM64.Build.0 = Debug|ARM64
		{9B2761DF-019E-46FF-B3F7-F717DD179697}.Debug|ARM64.Deploy.0 = Debug|ARM64
		{9B2761DF-019E-46FF-B3F7-F717DD179697}.Debug|x64.ActiveCfg = Debug|x64
		{9B2761DF-019E-46FF-B3F7-F717DD179697}.Debug|x64.Build.0 = Debug|x64
		{9B2761DF-019E-46FF-B3F7-F717DD179697}.Debug|x64.Deploy.0 = Debug|x64
		{9B2761DF-019E-46FF-B3F7-F717DD179697}.Debug|x86.ActiveCfg = Debug|x86
		{9B2761DF-019E-46FF-B3F7-F717DD179697}.Debug|x86.Build.0 = Debug|x86
		{9B2761DF-019E-46FF-B3F7-F717DD179697}.Debug|x86.Deploy.0 = Debug|x86
		{9B2761DF-019E-46FF-B3F7-F717DD179697}.Release|Any CPU.ActiveCfg = Release|x64
		{9B2761DF-019E-46FF-B3F7-F717DD179697}.Release|Any CPU.Build.0 = Release|x64
		{9B2761DF-019E-46FF-B3F7-F717DD179697}.Release|Any CPU.Deploy.0 = Release|x64
		{9B2761DF-019E-46FF-B3F7-F717DD179697}.Release|ARM.ActiveCfg = Release|ARM
		{9B2761DF-019E-46FF-B3F7-F717DD179697}.Release|ARM.Build.0 = Release|ARM
		{9B2761DF-019E-46FF-B3F7-F717DD179697}.Release|ARM.Deploy.0 = Release|ARM
		{9B2761DF-019E-46FF-B3F7-F717DD179697}.Release|ARM64.ActiveCfg = Release|ARM64
		{9B2761DF-019E-46FF-B3F7-F717DD179697}.Release|ARM64.Build.0 = Release|ARM64
		{9B2761DF-019E-46FF-B3F7-F717DD179697}.Release|ARM64.Deploy.0 = Release|ARM64
		{9B2761DF-019E-46FF-B3F7-F717DD179697}.Release|x64.ActiveCfg = Release|x64
		{9B2761DF-019E-46FF-B3F7-F717DD179697}.Release|x64.Build.0 = Release|x64
		{9B2761DF-019E-46FF-B3F7-F717DD179697}.Release|x64.Deploy.0 = Release|x64
		{9B2761DF-019E-46FF-B3F7-F717DD179697}.Release|x86.ActiveCfg = Release|x86
		{9B2761DF-019E-46FF-B3F7-F717DD179697}.Release|x86.Build.0 = Release|x86
		{9B2761DF-019E-46FF-B3F7-F717DD179697}.Release|x86.Deploy.0 = Release|x86
		{271D254C-AE48-4294-9D48-E55D73261F4B}.Debug|Any CPU.ActiveCfg = Debug|Any CPU
		{271D254C-AE48-4294-9D48-E55D73261F4B}.Debug|Any CPU.Build.0 = Debug|Any CPU
		{271D254C-AE48-4294-9D48-E55D73261F4B}.Debug|ARM.ActiveCfg = Debug|ARM
		{271D254C-AE48-4294-9D48-E55D73261F4B}.Debug|ARM.Build.0 = Debug|ARM
		{271D254C-AE48-4294-9D48-E55D73261F4B}.Debug|ARM64.ActiveCfg = Debug|ARM64
		{271D254C-AE48-4294-9D48-E55D73261F4B}.Debug|ARM64.Build.0 = Debug|ARM64
		{271D254C-AE48-4294-9D48-E55D73261F4B}.Debug|x64.ActiveCfg = Debug|x64
		{271D254C-AE48-4294-9D48-E55D73261F4B}.Debug|x64.Build.0 = Debug|x64
		{271D254C-AE48-4294-9D48-E55D73261F4B}.Debug|x86.ActiveCfg = Debug|x86
		{271D254C-AE48-4294-9D48-E55D73261F4B}.Debug|x86.Build.0 = Debug|x86
		{271D254C-AE48-4294-9D48-E55D73261F4B}.Release|Any CPU.ActiveCfg = Release|Any CPU
		{271D254C-AE48-4294-9D48-E55D73261F4B}.Release|Any CPU.Build.0 = Release|Any CPU
		{271D254C-AE48-4294-9D48-E55D73261F4B}.Release|ARM.ActiveCfg = Release|ARM
		{271D254C-AE48-4294-9D48-E55D73261F4B}.Release|ARM.Build.0 = Release|ARM
		{271D254C-AE48-4294-9D48-E55D73261F4B}.Release|ARM64.ActiveCfg = Release|ARM64
		{271D254C-AE48-4294-9D48-E55D73261F4B}.Release|ARM64.Build.0 = Release|ARM64
		{271D254C-AE48-4294-9D48-E55D73261F4B}.Release|x64.ActiveCfg = Release|x64
		{271D254C-AE48-4294-9D48-E55D73261F4B}.Release|x64.Build.0 = Release|x64
		{271D254C-AE48-4294-9D48-E55D73261F4B}.Release|x86.ActiveCfg = Release|x86
		{271D254C-AE48-4294-9D48-E55D73261F4B}.Release|x86.Build.0 = Release|x86
		{D3E47EF7-A9C8-47A9-97E8-247F060CD60D}.Debug|Any CPU.ActiveCfg = Debug|Any CPU
		{D3E47EF7-A9C8-47A9-97E8-247F060CD60D}.Debug|Any CPU.Build.0 = Debug|Any CPU
		{D3E47EF7-A9C8-47A9-97E8-247F060CD60D}.Debug|ARM.ActiveCfg = Debug|ARM
		{D3E47EF7-A9C8-47A9-97E8-247F060CD60D}.Debug|ARM.Build.0 = Debug|ARM
		{D3E47EF7-A9C8-47A9-97E8-247F060CD60D}.Debug|ARM64.ActiveCfg = Debug|ARM64
		{D3E47EF7-A9C8-47A9-97E8-247F060CD60D}.Debug|ARM64.Build.0 = Debug|ARM64
		{D3E47EF7-A9C8-47A9-97E8-247F060CD60D}.Debug|x64.ActiveCfg = Debug|x64
		{D3E47EF7-A9C8-47A9-97E8-247F060CD60D}.Debug|x64.Build.0 = Debug|x64
		{D3E47EF7-A9C8-47A9-97E8-247F060CD60D}.Debug|x86.ActiveCfg = Debug|x86
		{D3E47EF7-A9C8-47A9-97E8-247F060CD60D}.Debug|x86.Build.0 = Debug|x86
		{D3E47EF7-A9C8-47A9-97E8-247F060CD60D}.Release|Any CPU.ActiveCfg = Release|Any CPU
		{D3E47EF7-A9C8-47A9-97E8-247F060CD60D}.Release|Any CPU.Build.0 = Release|Any CPU
		{D3E47EF7-A9C8-47A9-97E8-247F060CD60D}.Release|ARM.ActiveCfg = Release|ARM
		{D3E47EF7-A9C8-47A9-97E8-247F060CD60D}.Release|ARM.Build.0 = Release|ARM
		{D3E47EF7-A9C8-47A9-97E8-247F060CD60D}.Release|ARM64.ActiveCfg = Release|ARM64
		{D3E47EF7-A9C8-47A9-97E8-247F060CD60D}.Release|ARM64.Build.0 = Release|ARM64
		{D3E47EF7-A9C8-47A9-97E8-247F060CD60D}.Release|x64.ActiveCfg = Release|x64
		{D3E47EF7-A9C8-47A9-97E8-247F060CD60D}.Release|x64.Build.0 = Release|x64
		{D3E47EF7-A9C8-47A9-97E8-247F060CD60D}.Release|x86.ActiveCfg = Release|x86
		{D3E47EF7-A9C8-47A9-97E8-247F060CD60D}.Release|x86.Build.0 = Release|x86
		{381A6392-270A-49BA-984B-9C35D1C15A17}.Debug|Any CPU.ActiveCfg = Debug|Any CPU
		{381A6392-270A-49BA-984B-9C35D1C15A17}.Debug|Any CPU.Build.0 = Debug|Any CPU
		{381A6392-270A-49BA-984B-9C35D1C15A17}.Debug|ARM.ActiveCfg = Debug|ARM
		{381A6392-270A-49BA-984B-9C35D1C15A17}.Debug|ARM.Build.0 = Debug|ARM
		{381A6392-270A-49BA-984B-9C35D1C15A17}.Debug|ARM64.ActiveCfg = Debug|ARM64
		{381A6392-270A-49BA-984B-9C35D1C15A17}.Debug|ARM64.Build.0 = Debug|ARM64
		{381A6392-270A-49BA-984B-9C35D1C15A17}.Debug|x64.ActiveCfg = Debug|x64
		{381A6392-270A-49BA-984B-9C35D1C15A17}.Debug|x64.Build.0 = Debug|x64
		{381A6392-270A-49BA-984B-9C35D1C15A17}.Debug|x86.ActiveCfg = Debug|x86
		{381A6392-270A-49BA-984B-9C35D1C15A17}.Debug|x86.Build.0 = Debug|x86
		{381A6392-270A-49BA-984B-9C35D1C15A17}.Release|Any CPU.ActiveCfg = Release|Any CPU
		{381A6392-270A-49BA-984B-9C35D1C15A17}.Release|Any CPU.Build.0 = Release|Any CPU
		{381A6392-270A-49BA-984B-9C35D1C15A17}.Release|ARM.ActiveCfg = Release|ARM
		{381A6392-270A-49BA-984B-9C35D1C15A17}.Release|ARM.Build.0 = Release|ARM
		{381A6392-270A-49BA-984B-9C35D1C15A17}.Release|ARM64.ActiveCfg = Release|ARM64
		{381A6392-270A-49BA-984B-9C35D1C15A17}.Release|ARM64.Build.0 = Release|ARM64
		{381A6392-270A-49BA-984B-9C35D1C15A17}.Release|x64.ActiveCfg = Release|x64
		{381A6392-270A-49BA-984B-9C35D1C15A17}.Release|x64.Build.0 = Release|x64
		{381A6392-270A-49BA-984B-9C35D1C15A17}.Release|x86.ActiveCfg = Release|x86
		{381A6392-270A-49BA-984B-9C35D1C15A17}.Release|x86.Build.0 = Release|x86
		{B9CE72AB-22C8-4296-9CD2-3436C520DDA1}.Debug|Any CPU.ActiveCfg = Debug|Any CPU
		{B9CE72AB-22C8-4296-9CD2-3436C520DDA1}.Debug|Any CPU.Build.0 = Debug|Any CPU
		{B9CE72AB-22C8-4296-9CD2-3436C520DDA1}.Debug|ARM.ActiveCfg = Debug|ARM
		{B9CE72AB-22C8-4296-9CD2-3436C520DDA1}.Debug|ARM.Build.0 = Debug|ARM
		{B9CE72AB-22C8-4296-9CD2-3436C520DDA1}.Debug|ARM64.ActiveCfg = Debug|ARM64
		{B9CE72AB-22C8-4296-9CD2-3436C520DDA1}.Debug|ARM64.Build.0 = Debug|ARM64
		{B9CE72AB-22C8-4296-9CD2-3436C520DDA1}.Debug|x64.ActiveCfg = Debug|x64
		{B9CE72AB-22C8-4296-9CD2-3436C520DDA1}.Debug|x64.Build.0 = Debug|x64
		{B9CE72AB-22C8-4296-9CD2-3436C520DDA1}.Debug|x86.ActiveCfg = Debug|x86
		{B9CE72AB-22C8-4296-9CD2-3436C520DDA1}.Debug|x86.Build.0 = Debug|x86
		{B9CE72AB-22C8-4296-9CD2-3436C520DDA1}.Release|Any CPU.ActiveCfg = Release|Any CPU
		{B9CE72AB-22C8-4296-9CD2-3436C520DDA1}.Release|Any CPU.Build.0 = Release|Any CPU
		{B9CE72AB-22C8-4296-9CD2-3436C520DDA1}.Release|ARM.ActiveCfg = Release|ARM
		{B9CE72AB-22C8-4296-9CD2-3436C520DDA1}.Release|ARM.Build.0 = Release|ARM
		{B9CE72AB-22C8-4296-9CD2-3436C520DDA1}.Release|ARM64.ActiveCfg = Release|ARM64
		{B9CE72AB-22C8-4296-9CD2-3436C520DDA1}.Release|ARM64.Build.0 = Release|ARM64
		{B9CE72AB-22C8-4296-9CD2-3436C520DDA1}.Release|x64.ActiveCfg = Release|x64
		{B9CE72AB-22C8-4296-9CD2-3436C520DDA1}.Release|x64.Build.0 = Release|x64
		{B9CE72AB-22C8-4296-9CD2-3436C520DDA1}.Release|x86.ActiveCfg = Release|x86
		{B9CE72AB-22C8-4296-9CD2-3436C520DDA1}.Release|x86.Build.0 = Release|x86
	EndGlobalSection
	GlobalSection(SolutionProperties) = preSolution
		HideSolutionNode = FALSE
	EndGlobalSection
	GlobalSection(ExtensibilityGlobals) = postSolution
		SolutionGuid = {BC7C7252-77E3-48C2-866E-3BF30559E390}
	EndGlobalSection
EndGlobal
